// !$*UTF8*$!
{
	archiveVersion = 1;
	classes = {
	};
	objectVersion = 51;
	objects = {

/* Begin PBXBuildFile section */
		273C7DFA265F13C0005908D2 /* WebData.swift in Sources */ = {isa = PBXBuildFile; fileRef = 273C7DF9265F13C0005908D2 /* WebData.swift */; };
		273C7F1A265B01A60076D9EA /* WebView.swift in Sources */ = {isa = PBXBuildFile; fileRef = 273C7F19265B01A60076D9EA /* WebView.swift */; };
		2740146926597E7500C3BF3F /* NYT_ArticlesApp.swift in Sources */ = {isa = PBXBuildFile; fileRef = 2740146826597E7500C3BF3F /* NYT_ArticlesApp.swift */; };
		2740146D26597E7700C3BF3F /* Assets.xcassets in Resources */ = {isa = PBXBuildFile; fileRef = 2740146C26597E7700C3BF3F /* Assets.xcassets */; };
		2740147026597E7700C3BF3F /* Preview Assets.xcassets in Resources */ = {isa = PBXBuildFile; fileRef = 2740146F26597E7700C3BF3F /* Preview Assets.xcassets */; };
		2740147A2659863C00C3BF3F /* Data.xcdatamodeld in Sources */ = {isa = PBXBuildFile; fileRef = 274014782659863C00C3BF3F /* Data.xcdatamodeld */; };
		274374B2265A834100E871DE /* ContentView.swift in Sources */ = {isa = PBXBuildFile; fileRef = 274374B1265A834100E871DE /* ContentView.swift */; };
		274BDF2A265AD98B00E6594E /* FilteredArticlesView.swift in Sources */ = {isa = PBXBuildFile; fileRef = 274BDF29265AD98B00E6594E /* FilteredArticlesView.swift */; };
		274BDF33265ADA5000E6594E /* Favourite.swift in Sources */ = {isa = PBXBuildFile; fileRef = 274BDF32265ADA5000E6594E /* Favourite.swift */; };
		7767C2CE531725FDB144BA1B /* Pods_NYT_Articles.framework in Frameworks */ = {isa = PBXBuildFile; fileRef = 67E823C470A29137C71F1456 /* Pods_NYT_Articles.framework */; };
/* End PBXBuildFile section */

/* Begin PBXFileReference section */
		273C7DF9265F13C0005908D2 /* WebData.swift */ = {isa = PBXFileReference; lastKnownFileType = sourcecode.swift; path = WebData.swift; sourceTree = "<group>"; };
		273C7F19265B01A60076D9EA /* WebView.swift */ = {isa = PBXFileReference; lastKnownFileType = sourcecode.swift; path = WebView.swift; sourceTree = "<group>"; };
		2740146526597E7500C3BF3F /* NYT Articles.app */ = {isa = PBXFileReference; explicitFileType = wrapper.application; includeInIndex = 0; path = "NYT Articles.app"; sourceTree = BUILT_PRODUCTS_DIR; };
		2740146826597E7500C3BF3F /* NYT_ArticlesApp.swift */ = {isa = PBXFileReference; lastKnownFileType = sourcecode.swift; path = NYT_ArticlesApp.swift; sourceTree = "<group>"; };
		2740146C26597E7700C3BF3F /* Assets.xcassets */ = {isa = PBXFileReference; lastKnownFileType = folder.assetcatalog; path = Assets.xcassets; sourceTree = "<group>"; };
		2740146F26597E7700C3BF3F /* Preview Assets.xcassets */ = {isa = PBXFileReference; lastKnownFileType = folder.assetcatalog; path = "Preview Assets.xcassets"; sourceTree = "<group>"; };
		2740147126597E7700C3BF3F /* Info.plist */ = {isa = PBXFileReference; lastKnownFileType = text.plist.xml; path = Info.plist; sourceTree = "<group>"; };
		274014792659863C00C3BF3F /* Data.xcdatamodel */ = {isa = PBXFileReference; lastKnownFileType = wrapper.xcdatamodel; path = Data.xcdatamodel; sourceTree = "<group>"; };
		274374B1265A834100E871DE /* ContentView.swift */ = {isa = PBXFileReference; lastKnownFileType = sourcecode.swift; path = ContentView.swift; sourceTree = "<group>"; };
		274BDF29265AD98B00E6594E /* FilteredArticlesView.swift */ = {isa = PBXFileReference; lastKnownFileType = sourcecode.swift; path = FilteredArticlesView.swift; sourceTree = "<group>"; };
		274BDF32265ADA5000E6594E /* Favourite.swift */ = {isa = PBXFileReference; lastKnownFileType = sourcecode.swift; path = Favourite.swift; sourceTree = "<group>"; };
		5FE5EDDA26D502CDC15009DC /* Pods-NYT Articles.debug.xcconfig */ = {isa = PBXFileReference; includeInIndex = 1; lastKnownFileType = text.xcconfig; name = "Pods-NYT Articles.debug.xcconfig"; path = "Target Support Files/Pods-NYT Articles/Pods-NYT Articles.debug.xcconfig"; sourceTree = "<group>"; };
		67E823C470A29137C71F1456 /* Pods_NYT_Articles.framework */ = {isa = PBXFileReference; explicitFileType = wrapper.framework; includeInIndex = 0; path = Pods_NYT_Articles.framework; sourceTree = BUILT_PRODUCTS_DIR; };
		74A3AABC9919E3341A7F2786 /* Pods-NYT Articles.release.xcconfig */ = {isa = PBXFileReference; includeInIndex = 1; lastKnownFileType = text.xcconfig; name = "Pods-NYT Articles.release.xcconfig"; path = "Target Support Files/Pods-NYT Articles/Pods-NYT Articles.release.xcconfig"; sourceTree = "<group>"; };
/* End PBXFileReference section */

/* Begin PBXFrameworksBuildPhase section */
		2740146226597E7500C3BF3F /* Frameworks */ = {
			isa = PBXFrameworksBuildPhase;
			buildActionMask = 2147483647;
			files = (
				7767C2CE531725FDB144BA1B /* Pods_NYT_Articles.framework in Frameworks */,
			);
			runOnlyForDeploymentPostprocessing = 0;
		};
/* End PBXFrameworksBuildPhase section */

/* Begin PBXGroup section */
		2740145C26597E7500C3BF3F = {
			isa = PBXGroup;
			children = (
				2740146726597E7500C3BF3F /* NYT Articles */,
				2740146626597E7500C3BF3F /* Products */,
				9A67EE407EB8072D02AA19F6 /* Pods */,
				D659C4BDF0921207B92DAB47 /* Frameworks */,
			);
			sourceTree = "<group>";
		};
		2740146626597E7500C3BF3F /* Products */ = {
			isa = PBXGroup;
			children = (
				2740146526597E7500C3BF3F /* NYT Articles.app */,
			);
			name = Products;
			sourceTree = "<group>";
		};
		2740146726597E7500C3BF3F /* NYT Articles */ = {
			isa = PBXGroup;
			children = (
				2740146826597E7500C3BF3F /* NYT_ArticlesApp.swift */,
				274374B1265A834100E871DE /* ContentView.swift */,
				274BDF29265AD98B00E6594E /* FilteredArticlesView.swift */,
				274BDF32265ADA5000E6594E /* Favourite.swift */,
				273C7F19265B01A60076D9EA /* WebView.swift */,
				273C7DF9265F13C0005908D2 /* WebData.swift */,
				274014782659863C00C3BF3F /* Data.xcdatamodeld */,
				2740146C26597E7700C3BF3F /* Assets.xcassets */,
				2740147126597E7700C3BF3F /* Info.plist */,
				2740146E26597E7700C3BF3F /* Preview Content */,
			);
			path = "NYT Articles";
			sourceTree = "<group>";
		};
		2740146E26597E7700C3BF3F /* Preview Content */ = {
			isa = PBXGroup;
			children = (
				2740146F26597E7700C3BF3F /* Preview Assets.xcassets */,
			);
			path = "Preview Content";
			sourceTree = "<group>";
		};
		9A67EE407EB8072D02AA19F6 /* Pods */ = {
			isa = PBXGroup;
			children = (
				5FE5EDDA26D502CDC15009DC /* Pods-NYT Articles.debug.xcconfig */,
				74A3AABC9919E3341A7F2786 /* Pods-NYT Articles.release.xcconfig */,
			);
			path = Pods;
			sourceTree = "<group>";
		};
		D659C4BDF0921207B92DAB47 /* Frameworks */ = {
			isa = PBXGroup;
			children = (
				67E823C470A29137C71F1456 /* Pods_NYT_Articles.framework */,
			);
			name = Frameworks;
			sourceTree = "<group>";
		};
/* End PBXGroup section */

/* Begin PBXNativeTarget section */
		2740146426597E7500C3BF3F /* NYT Articles */ = {
			isa = PBXNativeTarget;
			buildConfigurationList = 2740147426597E7700C3BF3F /* Build configuration list for PBXNativeTarget "NYT Articles" */;
			buildPhases = (
				3038FDB632181DFB1C4779ED /* [CP] Check Pods Manifest.lock */,
				2740146126597E7500C3BF3F /* Sources */,
				2740146226597E7500C3BF3F /* Frameworks */,
				2740146326597E7500C3BF3F /* Resources */,
				2ABDB6AD56D43FDA5F1835D4 /* [CP] Embed Pods Frameworks */,
			);
			buildRules = (
			);
			dependencies = (
			);
			name = "NYT Articles";
			productName = "NYT Articles";
			productReference = 2740146526597E7500C3BF3F /* NYT Articles.app */;
			productType = "com.apple.product-type.application";
		};
/* End PBXNativeTarget section */

/* Begin PBXProject section */
		2740145D26597E7500C3BF3F /* Project object */ = {
			isa = PBXProject;
			attributes = {
				LastSwiftUpdateCheck = 1240;
				LastUpgradeCheck = 1240;
				TargetAttributes = {
					2740146426597E7500C3BF3F = {
						CreatedOnToolsVersion = 12.4;
					};
				};
			};
			buildConfigurationList = 2740146026597E7500C3BF3F /* Build configuration list for PBXProject "NYT Articles" */;
			compatibilityVersion = "Xcode 9.3";
			developmentRegion = en;
			hasScannedForEncodings = 0;
			knownRegions = (
				en,
				Base,
			);
			mainGroup = 2740145C26597E7500C3BF3F;
			productRefGroup = 2740146626597E7500C3BF3F /* Products */;
			projectDirPath = "";
			projectRoot = "";
			targets = (
				2740146426597E7500C3BF3F /* NYT Articles */,
			);
		};
/* End PBXProject section */

/* Begin PBXResourcesBuildPhase section */
		2740146326597E7500C3BF3F /* Resources */ = {
			isa = PBXResourcesBuildPhase;
			buildActionMask = 2147483647;
			files = (
				2740147026597E7700C3BF3F /* Preview Assets.xcassets in Resources */,
				2740146D26597E7700C3BF3F /* Assets.xcassets in Resources */,
			);
			runOnlyForDeploymentPostprocessing = 0;
		};
/* End PBXResourcesBuildPhase section */

/* Begin PBXShellScriptBuildPhase section */
		2ABDB6AD56D43FDA5F1835D4 /* [CP] Embed Pods Frameworks */ = {
			isa = PBXShellScriptBuildPhase;
			buildActionMask = 2147483647;
			files = (
			);
			inputFileListPaths = (
				"${PODS_ROOT}/Target Support Files/Pods-NYT Articles/Pods-NYT Articles-frameworks-${CONFIGURATION}-input-files.xcfilelist",
			);
			name = "[CP] Embed Pods Frameworks";
			outputFileListPaths = (
				"${PODS_ROOT}/Target Support Files/Pods-NYT Articles/Pods-NYT Articles-frameworks-${CONFIGURATION}-output-files.xcfilelist",
			);
			runOnlyForDeploymentPostprocessing = 0;
			shellPath = /bin/sh;
			shellScript = "\"${PODS_ROOT}/Target Support Files/Pods-NYT Articles/Pods-NYT Articles-frameworks.sh\"\n";
			showEnvVarsInLog = 0;
		};
		3038FDB632181DFB1C4779ED /* [CP] Check Pods Manifest.lock */ = {
			isa = PBXShellScriptBuildPhase;
			buildActionMask = 2147483647;
			files = (
			);
			inputFileListPaths = (
			);
			inputPaths = (
				"${PODS_PODFILE_DIR_PATH}/Podfile.lock",
				"${PODS_ROOT}/Manifest.lock",
			);
			name = "[CP] Check Pods Manifest.lock";
			outputFileListPaths = (
			);
			outputPaths = (
				"$(DERIVED_FILE_DIR)/Pods-NYT Articles-checkManifestLockResult.txt",
			);
			runOnlyForDeploymentPostprocessing = 0;
			shellPath = /bin/sh;
			shellScript = "diff \"${PODS_PODFILE_DIR_PATH}/Podfile.lock\" \"${PODS_ROOT}/Manifest.lock\" > /dev/null\nif [ $? != 0 ] ; then\n    # print error to STDERR\n    echo \"error: The sandbox is not in sync with the Podfile.lock. Run 'pod install' or update your CocoaPods installation.\" >&2\n    exit 1\nfi\n# This output is used by Xcode 'outputs' to avoid re-running this script phase.\necho \"SUCCESS\" > \"${SCRIPT_OUTPUT_FILE_0}\"\n";
			showEnvVarsInLog = 0;
		};
/* End PBXShellScriptBuildPhase section */

/* Begin PBXSourcesBuildPhase section */
		2740146126597E7500C3BF3F /* Sources */ = {
			isa = PBXSourcesBuildPhase;
			buildActionMask = 2147483647;
			files = (
				2740147A2659863C00C3BF3F /* Data.xcdatamodeld in Sources */,
				274BDF33265ADA5000E6594E /* Favourite.swift in Sources */,
				273C7DFA265F13C0005908D2 /* WebData.swift in Sources */,
				274BDF2A265AD98B00E6594E /* FilteredArticlesView.swift in Sources */,
				274374B2265A834100E871DE /* ContentView.swift in Sources */,
				2740146926597E7500C3BF3F /* NYT_ArticlesApp.swift in Sources */,
				273C7F1A265B01A60076D9EA /* WebView.swift in Sources */,
			);
			runOnlyForDeploymentPostprocessing = 0;
		};
/* End PBXSourcesBuildPhase section */

/* Begin XCBuildConfiguration section */
		2740147226597E7700C3BF3F /* Debug */ = {
			isa = XCBuildConfiguration;
			buildSettings = {
				ALWAYS_SEARCH_USER_PATHS = NO;
				CLANG_ANALYZER_NONNULL = YES;
				CLANG_ANALYZER_NUMBER_OBJECT_CONVERSION = YES_AGGRESSIVE;
				CLANG_CXX_LANGUAGE_STANDARD = "gnu++14";
				CLANG_CXX_LIBRARY = "libc++";
				CLANG_ENABLE_MODULES = YES;
				CLANG_ENABLE_OBJC_ARC = YES;
				CLANG_ENABLE_OBJC_WEAK = YES;
				CLANG_WARN_BLOCK_CAPTURE_AUTORELEASING = YES;
				CLANG_WARN_BOOL_CONVERSION = YES;
				CLANG_WARN_COMMA = YES;
				CLANG_WARN_CONSTANT_CONVERSION = YES;
				CLANG_WARN_DEPRECATED_OBJC_IMPLEMENTATIONS = YES;
				CLANG_WARN_DIRECT_OBJC_ISA_USAGE = YES_ERROR;
				CLANG_WARN_DOCUMENTATION_COMMENTS = YES;
				CLANG_WARN_EMPTY_BODY = YES;
				CLANG_WARN_ENUM_CONVERSION = YES;
				CLANG_WARN_INFINITE_RECURSION = YES;
				CLANG_WARN_INT_CONVERSION = YES;
				CLANG_WARN_NON_LITERAL_NULL_CONVERSION = YES;
				CLANG_WARN_OBJC_IMPLICIT_RETAIN_SELF = YES;
				CLANG_WARN_OBJC_LITERAL_CONVERSION = YES;
				CLANG_WARN_OBJC_ROOT_CLASS = YES_ERROR;
				CLANG_WARN_QUOTED_INCLUDE_IN_FRAMEWORK_HEADER = YES;
				CLANG_WARN_RANGE_LOOP_ANALYSIS = YES;
				CLANG_WARN_STRICT_PROTOTYPES = YES;
				CLANG_WARN_SUSPICIOUS_MOVE = YES;
				CLANG_WARN_UNGUARDED_AVAILABILITY = YES_AGGRESSIVE;
				CLANG_WARN_UNREACHABLE_CODE = YES;
				CLANG_WARN__DUPLICATE_METHOD_MATCH = YES;
				COPY_PHASE_STRIP = NO;
				DEBUG_INFORMATION_FORMAT = dwarf;
				ENABLE_STRICT_OBJC_MSGSEND = YES;
				ENABLE_TESTABILITY = YES;
				GCC_C_LANGUAGE_STANDARD = gnu11;
				GCC_DYNAMIC_NO_PIC = NO;
				GCC_NO_COMMON_BLOCKS = YES;
				GCC_OPTIMIZATION_LEVEL = 0;
				GCC_PREPROCESSOR_DEFINITIONS = (
					"DEBUG=1",
					"$(inherited)",
				);
				GCC_WARN_64_TO_32_BIT_CONVERSION = YES;
				GCC_WARN_ABOUT_RETURN_TYPE = YES_ERROR;
				GCC_WARN_UNDECLARED_SELECTOR = YES;
				GCC_WARN_UNINITIALIZED_AUTOS = YES_AGGRESSIVE;
				GCC_WARN_UNUSED_FUNCTION = YES;
				GCC_WARN_UNUSED_VARIABLE = YES;
				IPHONEOS_DEPLOYMENT_TARGET = 14.4;
				MTL_ENABLE_DEBUG_INFO = INCLUDE_SOURCE;
				MTL_FAST_MATH = YES;
				ONLY_ACTIVE_ARCH = YES;
				SDKROOT = iphoneos;
				SWIFT_ACTIVE_COMPILATION_CONDITIONS = DEBUG;
				SWIFT_OPTIMIZATION_LEVEL = "-Onone";
			};
			name = Debug;
		};
		2740147326597E7700C3BF3F /* Release */ = {
			isa = XCBuildConfiguration;
			buildSettings = {
				ALWAYS_SEARCH_USER_PATHS = NO;
				CLANG_ANALYZER_NONNULL = YES;
				CLANG_ANALYZER_NUMBER_OBJECT_CONVERSION = YES_AGGRESSIVE;
				CLANG_CXX_LANGUAGE_STANDARD = "gnu++14";
				CLANG_CXX_LIBRARY = "libc++";
				CLANG_ENABLE_MODULES = YES;
				CLANG_ENABLE_OBJC_ARC = YES;
				CLANG_ENABLE_OBJC_WEAK = YES;
				CLANG_WARN_BLOCK_CAPTURE_AUTORELEASING = YES;
				CLANG_WARN_BOOL_CONVERSION = YES;
				CLANG_WARN_COMMA = YES;
				CLANG_WARN_CONSTANT_CONVERSION = YES;
				CLANG_WARN_DEPRECATED_OBJC_IMPLEMENTATIONS = YES;
				CLANG_WARN_DIRECT_OBJC_ISA_USAGE = YES_ERROR;
				CLANG_WARN_DOCUMENTATION_COMMENTS = YES;
				CLANG_WARN_EMPTY_BODY = YES;
				CLANG_WARN_ENUM_CONVERSION = YES;
				CLANG_WARN_INFINITE_RECURSION = YES;
				CLANG_WARN_INT_CONVERSION = YES;
				CLANG_WARN_NON_LITERAL_NULL_CONVERSION = YES;
				CLANG_WARN_OBJC_IMPLICIT_RETAIN_SELF = YES;
				CLANG_WARN_OBJC_LITERAL_CONVERSION = YES;
				CLANG_WARN_OBJC_ROOT_CLASS = YES_ERROR;
				CLANG_WARN_QUOTED_INCLUDE_IN_FRAMEWORK_HEADER = YES;
				CLANG_WARN_RANGE_LOOP_ANALYSIS = YES;
				CLANG_WARN_STRICT_PROTOTYPES = YES;
				CLANG_WARN_SUSPICIOUS_MOVE = YES;
				CLANG_WARN_UNGUARDED_AVAILABILITY = YES_AGGRESSIVE;
				CLANG_WARN_UNREACHABLE_CODE = YES;
				CLANG_WARN__DUPLICATE_METHOD_MATCH = YES;
				COPY_PHASE_STRIP = NO;
				DEBUG_INFORMATION_FORMAT = "dwarf-with-dsym";
				ENABLE_NS_ASSERTIONS = NO;
				ENABLE_STRICT_OBJC_MSGSEND = YES;
				GCC_C_LANGUAGE_STANDARD = gnu11;
				GCC_NO_COMMON_BLOCKS = YES;
				GCC_WARN_64_TO_32_BIT_CONVERSION = YES;
				GCC_WARN_ABOUT_RETURN_TYPE = YES_ERROR;
				GCC_WARN_UNDECLARED_SELECTOR = YES;
				GCC_WARN_UNINITIALIZED_AUTOS = YES_AGGRESSIVE;
				GCC_WARN_UNUSED_FUNCTION = YES;
				GCC_WARN_UNUSED_VARIABLE = YES;
				IPHONEOS_DEPLOYMENT_TARGET = 14.4;
				MTL_ENABLE_DEBUG_INFO = NO;
				MTL_FAST_MATH = YES;
				SDKROOT = iphoneos;
				SWIFT_COMPILATION_MODE = wholemodule;
				SWIFT_OPTIMIZATION_LEVEL = "-O";
				VALIDATE_PRODUCT = YES;
			};
			name = Release;
		};
		2740147526597E7700C3BF3F /* Debug */ = {
			isa = XCBuildConfiguration;
			baseConfigurationReference = 5FE5EDDA26D502CDC15009DC /* Pods-NYT Articles.debug.xcconfig */;
			buildSettings = {
				ASSETCATALOG_COMPILER_APPICON_NAME = AppIcon;
				ASSETCATALOG_COMPILER_GLOBAL_ACCENT_COLOR_NAME = AccentColor;
				CODE_SIGN_STYLE = Automatic;
				DEVELOPMENT_ASSET_PATHS = "\"NYT Articles/Preview Content\"";
				DEVELOPMENT_TEAM = ZKLMZR23FN;
				ENABLE_PREVIEWS = YES;
				INFOPLIST_FILE = "NYT Articles/Info.plist";
				IPHONEOS_DEPLOYMENT_TARGET = 14.0;
				LD_RUNPATH_SEARCH_PATHS = (
					"$(inherited)",
					"@executable_path/Frameworks",
				);
				PRODUCT_BUNDLE_IDENTIFIER = "Home.NYT-Articles";
				PRODUCT_NAME = "$(TARGET_NAME)";
				SWIFT_VERSION = 5.0;
				TARGETED_DEVICE_FAMILY = "1,2";
			};
			name = Debug;
		};
		2740147626597E7700C3BF3F /* Release */ = {
			isa = XCBuildConfiguration;
			baseConfigurationReference = 74A3AABC9919E3341A7F2786 /* Pods-NYT Articles.release.xcconfig */;
			buildSettings = {
				ASSETCATALOG_COMPILER_APPICON_NAME = AppIcon;
				ASSETCATALOG_COMPILER_GLOBAL_ACCENT_COLOR_NAME = AccentColor;
				CODE_SIGN_STYLE = Automatic;
				DEVELOPMENT_ASSET_PATHS = "\"NYT Articles/Preview Content\"";
				DEVELOPMENT_TEAM = ZKLMZR23FN;
				ENABLE_PREVIEWS = YES;
				INFOPLIST_FILE = "NYT Articles/Info.plist";
				IPHONEOS_DEPLOYMENT_TARGET = 14.0;
				LD_RUNPATH_SEARCH_PATHS = (
					"$(inherited)",
					"@executable_path/Frameworks",
				);
				PRODUCT_BUNDLE_IDENTIFIER = "Home.NYT-Articles";
				PRODUCT_NAME = "$(TARGET_NAME)";
				SWIFT_VERSION = 5.0;
				TARGETED_DEVICE_FAMILY = "1,2";
			};
			name = Release;
		};
/* End XCBuildConfiguration section */

/* Begin XCConfigurationList section */
		2740146026597E7500C3BF3F /* Build configuration list for PBXProject "NYT Articles" */ = {
			isa = XCConfigurationList;
			buildConfigurations = (
				2740147226597E7700C3BF3F /* Debug */,
				2740147326597E7700C3BF3F /* Release */,
			);
			defaultConfigurationIsVisible = 0;
			defaultConfigurationName = Release;
		};
		2740147426597E7700C3BF3F /* Build configuration list for PBXNativeTarget "NYT Articles" */ = {
			isa = XCConfigurationList;
			buildConfigurations = (
				2740147526597E7700C3BF3F /* Debug */,
				2740147626597E7700C3BF3F /* Release */,
			);
			defaultConfigurationIsVisible = 0;
			defaultConfigurationName = Release;
		};
/* End XCConfigurationList section */

/* Begin XCVersionGroup section */
		274014782659863C00C3BF3F /* Data.xcdatamodeld */ = {
			isa = XCVersionGroup;
			children = (
				274014792659863C00C3BF3F /* Data.xcdatamodel */,
			);
			currentVersion = 274014792659863C00C3BF3F /* Data.xcdatamodel */;
			path = Data.xcdatamodeld;
			sourceTree = "<group>";
			versionGroupType = wrapper.xcdatamodel;
		};
/* End XCVersionGroup section */
	};
	rootObject = 2740145D26597E7500C3BF3F /* Project object */;
}
